
Microsoft Visual Studio Solution File, Format Version 12.00
# Visual Studio Version 16
VisualStudioVersion = 16.0.29411.108
MinimumVisualStudioVersion = 10.0.40219.1
Project("{FAE04EC0-301F-11D3-BF4B-00C04F79EFBC}") = "NSApp", "NSApp\NSApp.csproj", "{2E1FC5B8-6EDB-430D-B7A3-7547C76D6AA6}"
EndProject
Global
	GlobalSection(SolutionConfigurationPlatforms) = preSolution
		Debug|Any CPU = Debug|Any CPU
		Release|Any CPU = Release|Any CPU
	EndGlobalSection
	GlobalSection(ProjectConfigurationPlatforms) = postSolution
		{2E1FC5B8-6EDB-430D-B7A3-7547C76D6AA6}.Debug|Any CPU.ActiveCfg = Debug|Any CPU
		{2E1FC5B8-6EDB-430D-B7A3-7547C76D6AA6}.Debug|Any CPU.Build.0 = Debug|Any CPU
		{2E1FC5B8-6EDB-430D-B7A3-7547C76D6AA6}.Release|Any CPU.ActiveCfg = Release|Any CPU
		{2E1FC5B8-6EDB-430D-B7A3-7547C76D6AA6}.Release|Any CPU.Build.0 = Release|Any CPU
	EndGlobalSection
	GlobalSection(SolutionProperties) = preSolution
		HideSolutionNode = FALSE
	EndGlobalSection
	GlobalSection(ExtensibilityGlobals) = postSolution
		SolutionGuid = {AC603844-66FC-4F1A-99C6-C5BE042146D3}
	EndGlobalSection
EndGlobal
